schema: '2.0'
stages:
  prepare:
    cmd: python src/prepare_data.py
    deps:
    - path: data/raw/iris.csv
      hash: md5
      md5: 4d301abed5efe50eccda350cde38e0eb
      size: 2777
    - path: src/prepare_data.py
      hash: md5
      md5: dbbb31427424b339ba2c34f5264a93d7
      size: 605
    outs:
    - path: data/processed/test.csv
      hash: md5
      md5: 85b7744d997a1e59815f4b3cc0f5cc29
      size: 887
    - path: data/processed/train.csv
      hash: md5
      md5: 08e8aff2619333bf5d3c1edcdc96732b
      size: 1967
  validate:
    cmd: python src/validate_data.py
    deps:
    - path: data/processed/train.csv
      hash: md5
      md5: 47fd89ce6c52daa555a94670836c67a2
      size: 2237
    - path: src/validate_data.py
      hash: md5
      md5: 4156dfba6bfa386d058b7232c7e10b42
      size: 855
  train:
    cmd: python src/train_model.py
    deps:
    - path: data/processed/test.csv
      hash: md5
      md5: 85b7744d997a1e59815f4b3cc0f5cc29
      size: 887
    - path: data/processed/train.csv
      hash: md5
      md5: 08e8aff2619333bf5d3c1edcdc96732b
      size: 1967
    - path: src/train_model.py
      hash: md5
      md5: 9411da5deab610466795f038c630456b
      size: 1606
    outs:
    - path: metrics/metrics.json
      hash: md5
      md5: 461ae3d15fb05379f9058e727f1011f7
      size: 95
    - path: models/iris_logistic_regression.pkl
      hash: md5
      md5: 4ccdfc0c70529b3bde8371d13ee3f532
      size: 1327
